# THIS IS AN AUTOGENERATED FILE. DO NOT EDIT THIS FILE DIRECTLY.
# yarn lockfile v1


vue-router@4.0.0-beta.3:
  version "4.0.0-beta.3"
  resolved "https://registry.npmmirror.com/vue-router/-/vue-router-4.0.0-beta.3.tgz#e46f45807023a4b8ce73a143a216b4c9ea3eb243"
  integrity sha512-3/cg3n46D9MO9u2nvtGE38gMyUxg8sjt6jMeZ6zbi9sRGAL0PaDHuKS+xWlOOLit7abP5MepNlh84t41gxtP8Q==
